// !$*UTF8*$!
{
	archiveVersion = 1;
	classes = {
	};
	objectVersion = 56;
	objects = {

/* Begin PBXBuildFile section */
		240E531D2C0F91D800FEE669 /* SubscriptionScreen.swift in Sources */ = {isa = PBXBuildFile; fileRef = 240E531C2C0F91D800FEE669 /* SubscriptionScreen.swift */; };
		240E53232C0FAD9200FEE669 /* StartScreen.swift in Sources */ = {isa = PBXBuildFile; fileRef = 240E53222C0FAD9200FEE669 /* StartScreen.swift */; };
		240E53282C0FAECC00FEE669 /* Color+extension.swift in Sources */ = {isa = PBXBuildFile; fileRef = 240E53272C0FAECC00FEE669 /* Color+extension.swift */; };
		240E532C2C0FB46F00FEE669 /* AppColors.swift in Sources */ = {isa = PBXBuildFile; fileRef = 240E532B2C0FB46F00FEE669 /* AppColors.swift */; };
		240E532E2C123C5E00FEE669 /* SubscriptionHeaderView.swift in Sources */ = {isa = PBXBuildFile; fileRef = 240E532D2C123C5E00FEE669 /* SubscriptionHeaderView.swift */; };
		240E53302C12549F00FEE669 /* SubscriptionDetailView.swift in Sources */ = {isa = PBXBuildFile; fileRef = 240E532F2C12549F00FEE669 /* SubscriptionDetailView.swift */; };
		240E53342C12553500FEE669 /* SubscriptionText.swift in Sources */ = {isa = PBXBuildFile; fileRef = 240E53332C12553500FEE669 /* SubscriptionText.swift */; };
		240E53372C12556900FEE669 /* PremiumSubscription.swift in Sources */ = {isa = PBXBuildFile; fileRef = 240E53362C12556900FEE669 /* PremiumSubscription.swift */; };
		241DDB062C0F785A007D8E9D /* Sweatcoin_SwiftUIApp.swift in Sources */ = {isa = PBXBuildFile; fileRef = 241DDB052C0F785A007D8E9D /* Sweatcoin_SwiftUIApp.swift */; };
		241DDB0A2C0F785B007D8E9D /* Assets.xcassets in Resources */ = {isa = PBXBuildFile; fileRef = 241DDB092C0F785B007D8E9D /* Assets.xcassets */; };
		241DDB0D2C0F785B007D8E9D /* Preview Assets.xcassets in Resources */ = {isa = PBXBuildFile; fileRef = 241DDB0C2C0F785B007D8E9D /* Preview Assets.xcassets */; };
/* End PBXBuildFile section */

/* Begin PBXFileReference section */
		240E531C2C0F91D800FEE669 /* SubscriptionScreen.swift */ = {isa = PBXFileReference; lastKnownFileType = sourcecode.swift; path = SubscriptionScreen.swift; sourceTree = "<group>"; };
		240E53222C0FAD9200FEE669 /* StartScreen.swift */ = {isa = PBXFileReference; fileEncoding = 4; lastKnownFileType = sourcecode.swift; path = StartScreen.swift; sourceTree = "<group>"; };
		240E53272C0FAECC00FEE669 /* Color+extension.swift */ = {isa = PBXFileReference; lastKnownFileType = sourcecode.swift; path = "Color+extension.swift"; sourceTree = "<group>"; };
		240E532B2C0FB46F00FEE669 /* AppColors.swift */ = {isa = PBXFileReference; lastKnownFileType = sourcecode.swift; path = AppColors.swift; sourceTree = "<group>"; };
		240E532D2C123C5E00FEE669 /* SubscriptionHeaderView.swift */ = {isa = PBXFileReference; lastKnownFileType = sourcecode.swift; path = SubscriptionHeaderView.swift; sourceTree = "<group>"; };
		240E532F2C12549F00FEE669 /* SubscriptionDetailView.swift */ = {isa = PBXFileReference; lastKnownFileType = sourcecode.swift; path = SubscriptionDetailView.swift; sourceTree = "<group>"; };
		240E53332C12553500FEE669 /* SubscriptionText.swift */ = {isa = PBXFileReference; lastKnownFileType = sourcecode.swift; path = SubscriptionText.swift; sourceTree = "<group>"; };
		240E53362C12556900FEE669 /* PremiumSubscription.swift */ = {isa = PBXFileReference; lastKnownFileType = sourcecode.swift; path = PremiumSubscription.swift; sourceTree = "<group>"; };
		241DDB022C0F785A007D8E9D /* Sweatcoin-SwiftUI.app */ = {isa = PBXFileReference; explicitFileType = wrapper.application; includeInIndex = 0; path = "Sweatcoin-SwiftUI.app"; sourceTree = BUILT_PRODUCTS_DIR; };
		241DDB052C0F785A007D8E9D /* Sweatcoin_SwiftUIApp.swift */ = {isa = PBXFileReference; lastKnownFileType = sourcecode.swift; path = Sweatcoin_SwiftUIApp.swift; sourceTree = "<group>"; };
		241DDB092C0F785B007D8E9D /* Assets.xcassets */ = {isa = PBXFileReference; lastKnownFileType = folder.assetcatalog; path = Assets.xcassets; sourceTree = "<group>"; };
		241DDB0C2C0F785B007D8E9D /* Preview Assets.xcassets */ = {isa = PBXFileReference; lastKnownFileType = folder.assetcatalog; path = "Preview Assets.xcassets"; sourceTree = "<group>"; };
/* End PBXFileReference section */

/* Begin PBXFrameworksBuildPhase section */
		241DDAFF2C0F785A007D8E9D /* Frameworks */ = {
			isa = PBXFrameworksBuildPhase;
			buildActionMask = 2147483647;
			files = (
			);
			runOnlyForDeploymentPostprocessing = 0;
		};
/* End PBXFrameworksBuildPhase section */

/* Begin PBXGroup section */
		240E53262C0FAEB200FEE669 /* Util */ = {
			isa = PBXGroup;
			children = (
				240E532A2C0FB45900FEE669 /* AppTheme */,
				240E53392C1255D500FEE669 /* Extensions */,
			);
			path = Util;
			sourceTree = "<group>";
		};
		240E53292C0FB44600FEE669 /* Screens */ = {
			isa = PBXGroup;
			children = (
				240E53222C0FAD9200FEE669 /* StartScreen.swift */,
				240E53322C1254F000FEE669 /* SubscriptionModelView */,
			);
			path = Screens;
			sourceTree = "<group>";
		};
		240E532A2C0FB45900FEE669 /* AppTheme */ = {
			isa = PBXGroup;
			children = (
				240E532B2C0FB46F00FEE669 /* AppColors.swift */,
			);
			path = AppTheme;
			sourceTree = "<group>";
		};
		240E53322C1254F000FEE669 /* SubscriptionModelView */ = {
			isa = PBXGroup;
			children = (
				240E531C2C0F91D800FEE669 /* SubscriptionScreen.swift */,
				240E53382C12558B00FEE669 /* SubscriptionHeaderView */,
				240E53352C12554A00FEE669 /* SubscriptionDetailView */,
			);
			path = SubscriptionModelView;
			sourceTree = "<group>";
		};
		240E53352C12554A00FEE669 /* SubscriptionDetailView */ = {
			isa = PBXGroup;
			children = (
				240E532F2C12549F00FEE669 /* SubscriptionDetailView.swift */,
				240E53332C12553500FEE669 /* SubscriptionText.swift */,
			);
			path = SubscriptionDetailView;
			sourceTree = "<group>";
		};
		240E53382C12558B00FEE669 /* SubscriptionHeaderView */ = {
			isa = PBXGroup;
			children = (
				240E532D2C123C5E00FEE669 /* SubscriptionHeaderView.swift */,
				240E53362C12556900FEE669 /* PremiumSubscription.swift */,
			);
			path = SubscriptionHeaderView;
			sourceTree = "<group>";
		};
		240E53392C1255D500FEE669 /* Extensions */ = {
			isa = PBXGroup;
			children = (
				240E53272C0FAECC00FEE669 /* Color+extension.swift */,
			);
			path = Extensions;
			sourceTree = "<group>";
		};
		241DDAF92C0F785A007D8E9D = {
			isa = PBXGroup;
			children = (
				241DDB042C0F785A007D8E9D /* Sweatcoin-SwiftUI */,
				241DDB032C0F785A007D8E9D /* Products */,
			);
			sourceTree = "<group>";
		};
		241DDB032C0F785A007D8E9D /* Products */ = {
			isa = PBXGroup;
			children = (
				241DDB022C0F785A007D8E9D /* Sweatcoin-SwiftUI.app */,
			);
			name = Products;
			sourceTree = "<group>";
		};
		241DDB042C0F785A007D8E9D /* Sweatcoin-SwiftUI */ = {
			isa = PBXGroup;
			children = (
				241DDB052C0F785A007D8E9D /* Sweatcoin_SwiftUIApp.swift */,
				240E53292C0FB44600FEE669 /* Screens */,
				240E53262C0FAEB200FEE669 /* Util */,
				241DDB092C0F785B007D8E9D /* Assets.xcassets */,
				241DDB0B2C0F785B007D8E9D /* Preview Content */,
			);
			path = "Sweatcoin-SwiftUI";
			sourceTree = "<group>";
		};
		241DDB0B2C0F785B007D8E9D /* Preview Content */ = {
			isa = PBXGroup;
			children = (
				241DDB0C2C0F785B007D8E9D /* Preview Assets.xcassets */,
			);
			path = "Preview Content";
			sourceTree = "<group>";
		};
/* End PBXGroup section */

/* Begin PBXNativeTarget section */
		241DDB012C0F785A007D8E9D /* Sweatcoin-SwiftUI */ = {
			isa = PBXNativeTarget;
			buildConfigurationList = 241DDB102C0F785B007D8E9D /* Build configuration list for PBXNativeTarget "Sweatcoin-SwiftUI" */;
			buildPhases = (
				241DDAFE2C0F785A007D8E9D /* Sources */,
				241DDAFF2C0F785A007D8E9D /* Frameworks */,
				241DDB002C0F785A007D8E9D /* Resources */,
			);
			buildRules = (
			);
			dependencies = (
			);
			name = "Sweatcoin-SwiftUI";
			productName = "Sweatcoin-SwiftUI";
			productReference = 241DDB022C0F785A007D8E9D /* Sweatcoin-SwiftUI.app */;
			productType = "com.apple.product-type.application";
		};
/* End PBXNativeTarget section */

/* Begin PBXProject section */
		241DDAFA2C0F785A007D8E9D /* Project object */ = {
			isa = PBXProject;
			attributes = {
				BuildIndependentTargetsInParallel = 1;
				LastSwiftUpdateCheck = 1530;
				LastUpgradeCheck = 1530;
				TargetAttributes = {
					241DDB012C0F785A007D8E9D = {
						CreatedOnToolsVersion = 15.3;
					};
				};
			};
			buildConfigurationList = 241DDAFD2C0F785A007D8E9D /* Build configuration list for PBXProject "Sweatcoin-SwiftUI" */;
			compatibilityVersion = "Xcode 14.0";
			developmentRegion = en;
			hasScannedForEncodings = 0;
			knownRegions = (
				en,
				Base,
			);
			mainGroup = 241DDAF92C0F785A007D8E9D;
			productRefGroup = 241DDB032C0F785A007D8E9D /* Products */;
			projectDirPath = "";
			projectRoot = "";
			targets = (
				241DDB012C0F785A007D8E9D /* Sweatcoin-SwiftUI */,
			);
		};
/* End PBXProject section */

/* Begin PBXResourcesBuildPhase section */
		241DDB002C0F785A007D8E9D /* Resources */ = {
			isa = PBXResourcesBuildPhase;
			buildActionMask = 2147483647;
			files = (
				241DDB0D2C0F785B007D8E9D /* Preview Assets.xcassets in Resources */,
				241DDB0A2C0F785B007D8E9D /* Assets.xcassets in Resources */,
			);
			runOnlyForDeploymentPostprocessing = 0;
		};
/* End PBXResourcesBuildPhase section */

/* Begin PBXSourcesBuildPhase section */
		241DDAFE2C0F785A007D8E9D /* Sources */ = {
			isa = PBXSourcesBuildPhase;
			buildActionMask = 2147483647;
			files = (
				240E531D2C0F91D800FEE669 /* SubscriptionScreen.swift in Sources */,
				241DDB062C0F785A007D8E9D /* Sweatcoin_SwiftUIApp.swift in Sources */,
				240E53232C0FAD9200FEE669 /* StartScreen.swift in Sources */,
				240E53342C12553500FEE669 /* SubscriptionText.swift in Sources */,
				240E53302C12549F00FEE669 /* SubscriptionDetailView.swift in Sources */,
				240E532C2C0FB46F00FEE669 /* AppColors.swift in Sources */,
				240E53372C12556900FEE669 /* PremiumSubscription.swift in Sources */,
				240E532E2C123C5E00FEE669 /* SubscriptionHeaderView.swift in Sources */,
				240E53282C0FAECC00FEE669 /* Color+extension.swift in Sources */,
			);
			runOnlyForDeploymentPostprocessing = 0;
		};
/* End PBXSourcesBuildPhase section */

/* Begin XCBuildConfiguration section */
		241DDB0E2C0F785B007D8E9D /* Debug */ = {
			isa = XCBuildConfiguration;
			buildSettings = {
				ALWAYS_SEARCH_USER_PATHS = NO;
				ASSETCATALOG_COMPILER_GENERATE_SWIFT_ASSET_SYMBOL_EXTENSIONS = YES;
				CLANG_ANALYZER_NONNULL = YES;
				CLANG_ANALYZER_NUMBER_OBJECT_CONVERSION = YES_AGGRESSIVE;
				CLANG_CXX_LANGUAGE_STANDARD = "gnu++20";
				CLANG_ENABLE_MODULES = YES;
				CLANG_ENABLE_OBJC_ARC = YES;
				CLANG_ENABLE_OBJC_WEAK = YES;
				CLANG_WARN_BLOCK_CAPTURE_AUTORELEASING = YES;
				CLANG_WARN_BOOL_CONVERSION = YES;
				CLANG_WARN_COMMA = YES;
				CLANG_WARN_CONSTANT_CONVERSION = YES;
				CLANG_WARN_DEPRECATED_OBJC_IMPLEMENTATIONS = YES;
				CLANG_WARN_DIRECT_OBJC_ISA_USAGE = YES_ERROR;
				CLANG_WARN_DOCUMENTATION_COMMENTS = YES;
				CLANG_WARN_EMPTY_BODY = YES;
				CLANG_WARN_ENUM_CONVERSION = YES;
				CLANG_WARN_INFINITE_RECURSION = YES;
				CLANG_WARN_INT_CONVERSION = YES;
				CLANG_WARN_NON_LITERAL_NULL_CONVERSION = YES;
				CLANG_WARN_OBJC_IMPLICIT_RETAIN_SELF = YES;
				CLANG_WARN_OBJC_LITERAL_CONVERSION = YES;
				CLANG_WARN_OBJC_ROOT_CLASS = YES_ERROR;
				CLANG_WARN_QUOTED_INCLUDE_IN_FRAMEWORK_HEADER = YES;
				CLANG_WARN_RANGE_LOOP_ANALYSIS = YES;
				CLANG_WARN_STRICT_PROTOTYPES = YES;
				CLANG_WARN_SUSPICIOUS_MOVE = YES;
				CLANG_WARN_UNGUARDED_AVAILABILITY = YES_AGGRESSIVE;
				CLANG_WARN_UNREACHABLE_CODE = YES;
				CLANG_WARN__DUPLICATE_METHOD_MATCH = YES;
				COPY_PHASE_STRIP = NO;
				DEBUG_INFORMATION_FORMAT = dwarf;
				ENABLE_STRICT_OBJC_MSGSEND = YES;
				ENABLE_TESTABILITY = YES;
				ENABLE_USER_SCRIPT_SANDBOXING = YES;
				GCC_C_LANGUAGE_STANDARD = gnu17;
				GCC_DYNAMIC_NO_PIC = NO;
				GCC_NO_COMMON_BLOCKS = YES;
				GCC_OPTIMIZATION_LEVEL = 0;
				GCC_PREPROCESSOR_DEFINITIONS = (
					"DEBUG=1",
					"$(inherited)",
				);
				GCC_WARN_64_TO_32_BIT_CONVERSION = YES;
				GCC_WARN_ABOUT_RETURN_TYPE = YES_ERROR;
				GCC_WARN_UNDECLARED_SELECTOR = YES;
				GCC_WARN_UNINITIALIZED_AUTOS = YES_AGGRESSIVE;
				GCC_WARN_UNUSED_FUNCTION = YES;
				GCC_WARN_UNUSED_VARIABLE = YES;
				IPHONEOS_DEPLOYMENT_TARGET = 17.4;
				LOCALIZATION_PREFERS_STRING_CATALOGS = YES;
				MTL_ENABLE_DEBUG_INFO = INCLUDE_SOURCE;
				MTL_FAST_MATH = YES;
				ONLY_ACTIVE_ARCH = YES;
				SDKROOT = iphoneos;
				SWIFT_ACTIVE_COMPILATION_CONDITIONS = "DEBUG $(inherited)";
				SWIFT_OPTIMIZATION_LEVEL = "-Onone";
			};
			name = Debug;
		};
		241DDB0F2C0F785B007D8E9D /* Release */ = {
			isa = XCBuildConfiguration;
			buildSettings = {
				ALWAYS_SEARCH_USER_PATHS = NO;
				ASSETCATALOG_COMPILER_GENERATE_SWIFT_ASSET_SYMBOL_EXTENSIONS = YES;
				CLANG_ANALYZER_NONNULL = YES;
				CLANG_ANALYZER_NUMBER_OBJECT_CONVERSION = YES_AGGRESSIVE;
				CLANG_CXX_LANGUAGE_STANDARD = "gnu++20";
				CLANG_ENABLE_MODULES = YES;
				CLANG_ENABLE_OBJC_ARC = YES;
				CLANG_ENABLE_OBJC_WEAK = YES;
				CLANG_WARN_BLOCK_CAPTURE_AUTORELEASING = YES;
				CLANG_WARN_BOOL_CONVERSION = YES;
				CLANG_WARN_COMMA = YES;
				CLANG_WARN_CONSTANT_CONVERSION = YES;
				CLANG_WARN_DEPRECATED_OBJC_IMPLEMENTATIONS = YES;
				CLANG_WARN_DIRECT_OBJC_ISA_USAGE = YES_ERROR;
				CLANG_WARN_DOCUMENTATION_COMMENTS = YES;
				CLANG_WARN_EMPTY_BODY = YES;
				CLANG_WARN_ENUM_CONVERSION = YES;
				CLANG_WARN_INFINITE_RECURSION = YES;
				CLANG_WARN_INT_CONVERSION = YES;
				CLANG_WARN_NON_LITERAL_NULL_CONVERSION = YES;
				CLANG_WARN_OBJC_IMPLICIT_RETAIN_SELF = YES;
				CLANG_WARN_OBJC_LITERAL_CONVERSION = YES;
				CLANG_WARN_OBJC_ROOT_CLASS = YES_ERROR;
				CLANG_WARN_QUOTED_INCLUDE_IN_FRAMEWORK_HEADER = YES;
				CLANG_WARN_RANGE_LOOP_ANALYSIS = YES;
				CLANG_WARN_STRICT_PROTOTYPES = YES;
				CLANG_WARN_SUSPICIOUS_MOVE = YES;
				CLANG_WARN_UNGUARDED_AVAILABILITY = YES_AGGRESSIVE;
				CLANG_WARN_UNREACHABLE_CODE = YES;
				CLANG_WARN__DUPLICATE_METHOD_MATCH = YES;
				COPY_PHASE_STRIP = NO;
				DEBUG_INFORMATION_FORMAT = "dwarf-with-dsym";
				ENABLE_NS_ASSERTIONS = NO;
				ENABLE_STRICT_OBJC_MSGSEND = YES;
				ENABLE_USER_SCRIPT_SANDBOXING = YES;
				GCC_C_LANGUAGE_STANDARD = gnu17;
				GCC_NO_COMMON_BLOCKS = YES;
				GCC_WARN_64_TO_32_BIT_CONVERSION = YES;
				GCC_WARN_ABOUT_RETURN_TYPE = YES_ERROR;
				GCC_WARN_UNDECLARED_SELECTOR = YES;
				GCC_WARN_UNINITIALIZED_AUTOS = YES_AGGRESSIVE;
				GCC_WARN_UNUSED_FUNCTION = YES;
				GCC_WARN_UNUSED_VARIABLE = YES;
				IPHONEOS_DEPLOYMENT_TARGET = 17.4;
				LOCALIZATION_PREFERS_STRING_CATALOGS = YES;
				MTL_ENABLE_DEBUG_INFO = NO;
				MTL_FAST_MATH = YES;
				SDKROOT = iphoneos;
				SWIFT_COMPILATION_MODE = wholemodule;
				VALIDATE_PRODUCT = YES;
			};
			name = Release;
		};
		241DDB112C0F785B007D8E9D /* Debug */ = {
			isa = XCBuildConfiguration;
			buildSettings = {
				ASSETCATALOG_COMPILER_APPICON_NAME = AppIcon;
				ASSETCATALOG_COMPILER_GLOBAL_ACCENT_COLOR_NAME = AccentColor;
				CODE_SIGN_STYLE = Automatic;
				CURRENT_PROJECT_VERSION = 1;
				DEVELOPMENT_ASSET_PATHS = "\"Sweatcoin-SwiftUI/Preview Content\"";
				DEVELOPMENT_TEAM = 3MC43UXZVL;
				ENABLE_PREVIEWS = YES;
				GENERATE_INFOPLIST_FILE = YES;
				INFOPLIST_KEY_UIApplicationSceneManifest_Generation = YES;
				INFOPLIST_KEY_UIApplicationSupportsIndirectInputEvents = YES;
				INFOPLIST_KEY_UILaunchScreen_Generation = YES;
				INFOPLIST_KEY_UISupportedInterfaceOrientations_iPad = "UIInterfaceOrientationPortrait UIInterfaceOrientationPortraitUpsideDown UIInterfaceOrientationLandscapeLeft UIInterfaceOrientationLandscapeRight";
				INFOPLIST_KEY_UISupportedInterfaceOrientations_iPhone = "UIInterfaceOrientationPortrait UIInterfaceOrientationLandscapeLeft UIInterfaceOrientationLandscapeRight";
				LD_RUNPATH_SEARCH_PATHS = (
					"$(inherited)",
					"@executable_path/Frameworks",
				);
				MARKETING_VERSION = 1.0;
				PRODUCT_BUNDLE_IDENTIFIER = "ashleycanty.Sweatcoin-SwiftUI";
				PRODUCT_NAME = "$(TARGET_NAME)";
				SWIFT_EMIT_LOC_STRINGS = YES;
				SWIFT_VERSION = 5.0;
				TARGETED_DEVICE_FAMILY = "1,2";
			};
			name = Debug;
		};
		241DDB122C0F785B007D8E9D /* Release */ = {
			isa = XCBuildConfiguration;
			buildSettings = {
				ASSETCATALOG_COMPILER_APPICON_NAME = AppIcon;
				ASSETCATALOG_COMPILER_GLOBAL_ACCENT_COLOR_NAME = AccentColor;
				CODE_SIGN_STYLE = Automatic;
				CURRENT_PROJECT_VERSION = 1;
				DEVELOPMENT_ASSET_PATHS = "\"Sweatcoin-SwiftUI/Preview Content\"";
				DEVELOPMENT_TEAM = 3MC43UXZVL;
				ENABLE_PREVIEWS = YES;
				GENERATE_INFOPLIST_FILE = YES;
				INFOPLIST_KEY_UIApplicationSceneManifest_Generation = YES;
				INFOPLIST_KEY_UIApplicationSupportsIndirectInputEvents = YES;
				INFOPLIST_KEY_UILaunchScreen_Generation = YES;
				INFOPLIST_KEY_UISupportedInterfaceOrientations_iPad = "UIInterfaceOrientationPortrait UIInterfaceOrientationPortraitUpsideDown UIInterfaceOrientationLandscapeLeft UIInterfaceOrientationLandscapeRight";
				INFOPLIST_KEY_UISupportedInterfaceOrientations_iPhone = "UIInterfaceOrientationPortrait UIInterfaceOrientationLandscapeLeft UIInterfaceOrientationLandscapeRight";
				LD_RUNPATH_SEARCH_PATHS = (
					"$(inherited)",
					"@executable_path/Frameworks",
				);
				MARKETING_VERSION = 1.0;
				PRODUCT_BUNDLE_IDENTIFIER = "ashleycanty.Sweatcoin-SwiftUI";
				PRODUCT_NAME = "$(TARGET_NAME)";
				SWIFT_EMIT_LOC_STRINGS = YES;
				SWIFT_VERSION = 5.0;
				TARGETED_DEVICE_FAMILY = "1,2";
			};
			name = Release;
		};
/* End XCBuildConfiguration section */

/* Begin XCConfigurationList section */
		241DDAFD2C0F785A007D8E9D /* Build configuration list for PBXProject "Sweatcoin-SwiftUI" */ = {
			isa = XCConfigurationList;
			buildConfigurations = (
				241DDB0E2C0F785B007D8E9D /* Debug */,
				241DDB0F2C0F785B007D8E9D /* Release */,
			);
			defaultConfigurationIsVisible = 0;
			defaultConfigurationName = Release;
		};
		241DDB102C0F785B007D8E9D /* Build configuration list for PBXNativeTarget "Sweatcoin-SwiftUI" */ = {
			isa = XCConfigurationList;
			buildConfigurations = (
				241DDB112C0F785B007D8E9D /* Debug */,
				241DDB122C0F785B007D8E9D /* Release */,
			);
			defaultConfigurationIsVisible = 0;
			defaultConfigurationName = Release;
		};
/* End XCConfigurationList section */
	};
	rootObject = 241DDAFA2C0F785A007D8E9D /* Project object */;
}
